
Microsoft Visual Studio Solution File, Format Version 12.00
# Visual Studio Version 16
VisualStudioVersion = 25.0.1703.0
MinimumVisualStudioVersion = 10.0.40219.1
Project("{FAE04EC0-301F-11D3-BF4B-00C04F79EFBC}") = "LibTest", "LibTest.csproj", "{B284C62B-7C01-4461-817B-E87F1C7D859C}"
EndProject
Global
	GlobalSection(SolutionConfigurationPlatforms) = preSolution
		Debug|Any CPU = Debug|Any CPU
		Release|Any CPU = Release|Any CPU
	EndGlobalSection
	GlobalSection(ProjectConfigurationPlatforms) = postSolution
		{B284C62B-7C01-4461-817B-E87F1C7D859C}.Debug|Any CPU.ActiveCfg = Debug|Any CPU
		{B284C62B-7C01-4461-817B-E87F1C7D859C}.Debug|Any CPU.Build.0 = Debug|Any CPU
		{B284C62B-7C01-4461-817B-E87F1C7D859C}.Release|Any CPU.ActiveCfg = Release|Any CPU
		{B284C62B-7C01-4461-817B-E87F1C7D859C}.Release|Any CPU.Build.0 = Release|Any CPU
	EndGlobalSection
	GlobalSection(SolutionProperties) = preSolution
		HideSolutionNode = FALSE
	EndGlobalSection
	GlobalSection(ExtensibilityGlobals) = postSolution
		SolutionGuid = {073161AA-0997-40BF-B9DA-13FE6D4D29FC}
	EndGlobalSection
EndGlobal
